
Microsoft Visual Studio Solution File, Format Version 12.00
# Visual Studio Version 17
VisualStudioVersion = 17.8.34525.116
MinimumVisualStudioVersion = 10.0.40219.1
Project("{FAE04EC0-301F-11D3-BF4B-00C04F79EFBC}") = "Todo", "Todo\Todo.csproj", "{928A5B20-CE90-4018-BF29-1774E468B174}"
EndProject
Global
	GlobalSection(SolutionConfigurationPlatforms) = preSolution
		Debug|Any CPU = Debug|Any CPU
		Release|Any CPU = Release|Any CPU
	EndGlobalSection
	GlobalSection(ProjectConfigurationPlatforms) = postSolution
		{928A5B20-CE90-4018-BF29-1774E468B174}.Debug|Any CPU.ActiveCfg = Debug|Any CPU
		{928A5B20-CE90-4018-BF29-1774E468B174}.Debug|Any CPU.Build.0 = Debug|Any CPU
		{928A5B20-CE90-4018-BF29-1774E468B174}.Release|Any CPU.ActiveCfg = Release|Any CPU
		{928A5B20-CE90-4018-BF29-1774E468B174}.Release|Any CPU.Build.0 = Release|Any CPU
	EndGlobalSection
	GlobalSection(SolutionProperties) = preSolution
		HideSolutionNode = FALSE
	EndGlobalSection
	GlobalSection(ExtensibilityGlobals) = postSolution
		SolutionGuid = {A5DD5F22-A316-4B90-8EBD-EB2629DDA4DA}
	EndGlobalSection
EndGlobal
